// !$*UTF8*$!
{
	archiveVersion = 1;
	classes = {
	};
	objectVersion = 50;
	objects = {

/* Begin PBXBuildFile section */
		618246C523A92B4600F00E26 /* AppDelegate.swift in Sources */ = {isa = PBXBuildFile; fileRef = 618246C423A92B4600F00E26 /* AppDelegate.swift */; };
		618246C723A92B4600F00E26 /* SceneDelegate.swift in Sources */ = {isa = PBXBuildFile; fileRef = 618246C623A92B4600F00E26 /* SceneDelegate.swift */; };
		618246C923A92B4600F00E26 /* ViewController.swift in Sources */ = {isa = PBXBuildFile; fileRef = 618246C823A92B4600F00E26 /* ViewController.swift */; };
		618246CC23A92B4600F00E26 /* Main.storyboard in Resources */ = {isa = PBXBuildFile; fileRef = 618246CA23A92B4600F00E26 /* Main.storyboard */; };
		618246CE23A92B4700F00E26 /* Assets.xcassets in Resources */ = {isa = PBXBuildFile; fileRef = 618246CD23A92B4700F00E26 /* Assets.xcassets */; };
		618246D123A92B4700F00E26 /* LaunchScreen.storyboard in Resources */ = {isa = PBXBuildFile; fileRef = 618246CF23A92B4700F00E26 /* LaunchScreen.storyboard */; };
		618246D923A93B4D00F00E26 /* DetalhesViewController.swift in Sources */ = {isa = PBXBuildFile; fileRef = 618246D823A93B4D00F00E26 /* DetalhesViewController.swift */; };
/* End PBXBuildFile section */

/* Begin PBXFileReference section */
		618246C123A92B4600F00E26 /* cara ou coroa.app */ = {isa = PBXFileReference; explicitFileType = wrapper.application; includeInIndex = 0; path = "cara ou coroa.app"; sourceTree = BUILT_PRODUCTS_DIR; };
		618246C423A92B4600F00E26 /* AppDelegate.swift */ = {isa = PBXFileReference; lastKnownFileType = sourcecode.swift; path = AppDelegate.swift; sourceTree = "<group>"; };
		618246C623A92B4600F00E26 /* SceneDelegate.swift */ = {isa = PBXFileReference; lastKnownFileType = sourcecode.swift; path = SceneDelegate.swift; sourceTree = "<group>"; };
		618246C823A92B4600F00E26 /* ViewController.swift */ = {isa = PBXFileReference; lastKnownFileType = sourcecode.swift; path = ViewController.swift; sourceTree = "<group>"; };
		618246CB23A92B4600F00E26 /* Base */ = {isa = PBXFileReference; lastKnownFileType = file.storyboard; name = Base; path = Base.lproj/Main.storyboard; sourceTree = "<group>"; };
		618246CD23A92B4700F00E26 /* Assets.xcassets */ = {isa = PBXFileReference; lastKnownFileType = folder.assetcatalog; path = Assets.xcassets; sourceTree = "<group>"; };
		618246D023A92B4700F00E26 /* Base */ = {isa = PBXFileReference; lastKnownFileType = file.storyboard; name = Base; path = Base.lproj/LaunchScreen.storyboard; sourceTree = "<group>"; };
		618246D223A92B4700F00E26 /* Info.plist */ = {isa = PBXFileReference; lastKnownFileType = text.plist.xml; path = Info.plist; sourceTree = "<group>"; };
		618246D823A93B4D00F00E26 /* DetalhesViewController.swift */ = {isa = PBXFileReference; lastKnownFileType = sourcecode.swift; path = DetalhesViewController.swift; sourceTree = "<group>"; };
/* End PBXFileReference section */

/* Begin PBXFrameworksBuildPhase section */
		618246BE23A92B4600F00E26 /* Frameworks */ = {
			isa = PBXFrameworksBuildPhase;
			buildActionMask = 2147483647;
			files = (
			);
			runOnlyForDeploymentPostprocessing = 0;
		};
/* End PBXFrameworksBuildPhase section */

/* Begin PBXGroup section */
		618246B823A92B4600F00E26 = {
			isa = PBXGroup;
			children = (
				618246C323A92B4600F00E26 /* cara ou coroa */,
				618246C223A92B4600F00E26 /* Products */,
			);
			sourceTree = "<group>";
		};
		618246C223A92B4600F00E26 /* Products */ = {
			isa = PBXGroup;
			children = (
				618246C123A92B4600F00E26 /* cara ou coroa.app */,
			);
			name = Products;
			sourceTree = "<group>";
		};
		618246C323A92B4600F00E26 /* cara ou coroa */ = {
			isa = PBXGroup;
			children = (
				618246C423A92B4600F00E26 /* AppDelegate.swift */,
				618246C623A92B4600F00E26 /* SceneDelegate.swift */,
				618246C823A92B4600F00E26 /* ViewController.swift */,
				618246CA23A92B4600F00E26 /* Main.storyboard */,
				618246CD23A92B4700F00E26 /* Assets.xcassets */,
				618246CF23A92B4700F00E26 /* LaunchScreen.storyboard */,
				618246D223A92B4700F00E26 /* Info.plist */,
				618246D823A93B4D00F00E26 /* DetalhesViewController.swift */,
			);
			path = "cara ou coroa";
			sourceTree = "<group>";
		};
/* End PBXGroup section */

/* Begin PBXNativeTarget section */
		618246C023A92B4600F00E26 /* cara ou coroa */ = {
			isa = PBXNativeTarget;
			buildConfigurationList = 618246D523A92B4700F00E26 /* Build configuration list for PBXNativeTarget "cara ou coroa" */;
			buildPhases = (
				618246BD23A92B4600F00E26 /* Sources */,
				618246BE23A92B4600F00E26 /* Frameworks */,
				618246BF23A92B4600F00E26 /* Resources */,
			);
			buildRules = (
			);
			dependencies = (
			);
			name = "cara ou coroa";
			productName = "cara ou coroa";
			productReference = 618246C123A92B4600F00E26 /* cara ou coroa.app */;
			productType = "com.apple.product-type.application";
		};
/* End PBXNativeTarget section */

/* Begin PBXProject section */
		618246B923A92B4600F00E26 /* Project object */ = {
			isa = PBXProject;
			attributes = {
				LastSwiftUpdateCheck = 1130;
				LastUpgradeCheck = 1130;
				ORGANIZATIONNAME = "César  Ferreira";
				TargetAttributes = {
					618246C023A92B4600F00E26 = {
						CreatedOnToolsVersion = 11.3;
					};
				};
			};
			buildConfigurationList = 618246BC23A92B4600F00E26 /* Build configuration list for PBXProject "cara ou coroa" */;
			compatibilityVersion = "Xcode 9.3";
			developmentRegion = en;
			hasScannedForEncodings = 0;
			knownRegions = (
				en,
				Base,
			);
			mainGroup = 618246B823A92B4600F00E26;
			productRefGroup = 618246C223A92B4600F00E26 /* Products */;
			projectDirPath = "";
			projectRoot = "";
			targets = (
				618246C023A92B4600F00E26 /* cara ou coroa */,
			);
		};
/* End PBXProject section */

/* Begin PBXResourcesBuildPhase section */
		618246BF23A92B4600F00E26 /* Resources */ = {
			isa = PBXResourcesBuildPhase;
			buildActionMask = 2147483647;
			files = (
				618246D123A92B4700F00E26 /* LaunchScreen.storyboard in Resources */,
				618246CE23A92B4700F00E26 /* Assets.xcassets in Resources */,
				618246CC23A92B4600F00E26 /* Main.storyboard in Resources */,
			);
			runOnlyForDeploymentPostprocessing = 0;
		};
/* End PBXResourcesBuildPhase section */

/* Begin PBXSourcesBuildPhase section */
		618246BD23A92B4600F00E26 /* Sources */ = {
			isa = PBXSourcesBuildPhase;
			buildActionMask = 2147483647;
			files = (
				618246D923A93B4D00F00E26 /* DetalhesViewController.swift in Sources */,
				618246C923A92B4600F00E26 /* ViewController.swift in Sources */,
				618246C523A92B4600F00E26 /* AppDelegate.swift in Sources */,
				618246C723A92B4600F00E26 /* SceneDelegate.swift in Sources */,
			);
			runOnlyForDeploymentPostprocessing = 0;
		};
/* End PBXSourcesBuildPhase section */

/* Begin PBXVariantGroup section */
		618246CA23A92B4600F00E26 /* Main.storyboard */ = {
			isa = PBXVariantGroup;
			children = (
				618246CB23A92B4600F00E26 /* Base */,
			);
			name = Main.storyboard;
			sourceTree = "<group>";
		};
		618246CF23A92B4700F00E26 /* LaunchScreen.storyboard */ = {
			isa = PBXVariantGroup;
			children = (
				618246D023A92B4700F00E26 /* Base */,
			);
			name = LaunchScreen.storyboard;
			sourceTree = "<group>";
		};
/* End PBXVariantGroup section */

/* Begin XCBuildConfiguration section */
		618246D323A92B4700F00E26 /* Debug */ = {
			isa = XCBuildConfiguration;
			buildSettings = {
				ALWAYS_SEARCH_USER_PATHS = NO;
				CLANG_ANALYZER_NONNULL = YES;
				CLANG_ANALYZER_NUMBER_OBJECT_CONVERSION = YES_AGGRESSIVE;
				CLANG_CXX_LANGUAGE_STANDARD = "gnu++14";
				CLANG_CXX_LIBRARY = "libc++";
				CLANG_ENABLE_MODULES = YES;
				CLANG_ENABLE_OBJC_ARC = YES;
				CLANG_ENABLE_OBJC_WEAK = YES;
				CLANG_WARN_BLOCK_CAPTURE_AUTORELEASING = YES;
				CLANG_WARN_BOOL_CONVERSION = YES;
				CLANG_WARN_COMMA = YES;
				CLANG_WARN_CONSTANT_CONVERSION = YES;
				CLANG_WARN_DEPRECATED_OBJC_IMPLEMENTATIONS = YES;
				CLANG_WARN_DIRECT_OBJC_ISA_USAGE = YES_ERROR;
				CLANG_WARN_DOCUMENTATION_COMMENTS = YES;
				CLANG_WARN_EMPTY_BODY = YES;
				CLANG_WARN_ENUM_CONVERSION = YES;
				CLANG_WARN_INFINITE_RECURSION = YES;
				CLANG_WARN_INT_CONVERSION = YES;
				CLANG_WARN_NON_LITERAL_NULL_CONVERSION = YES;
				CLANG_WARN_OBJC_IMPLICIT_RETAIN_SELF = YES;
				CLANG_WARN_OBJC_LITERAL_CONVERSION = YES;
				CLANG_WARN_OBJC_ROOT_CLASS = YES_ERROR;
				CLANG_WARN_RANGE_LOOP_ANALYSIS = YES;
				CLANG_WARN_STRICT_PROTOTYPES = YES;
				CLANG_WARN_SUSPICIOUS_MOVE = YES;
				CLANG_WARN_UNGUARDED_AVAILABILITY = YES_AGGRESSIVE;
				CLANG_WARN_UNREACHABLE_CODE = YES;
				CLANG_WARN__DUPLICATE_METHOD_MATCH = YES;
				COPY_PHASE_STRIP = NO;
				DEBUG_INFORMATION_FORMAT = dwarf;
				ENABLE_STRICT_OBJC_MSGSEND = YES;
				ENABLE_TESTABILITY = YES;
				GCC_C_LANGUAGE_STANDARD = gnu11;
				GCC_DYNAMIC_NO_PIC = NO;
				GCC_NO_COMMON_BLOCKS = YES;
				GCC_OPTIMIZATION_LEVEL = 0;
				GCC_PREPROCESSOR_DEFINITIONS = (
					"DEBUG=1",
					"$(inherited)",
				);
				GCC_WARN_64_TO_32_BIT_CONVERSION = YES;
				GCC_WARN_ABOUT_RETURN_TYPE = YES_ERROR;
				GCC_WARN_UNDECLARED_SELECTOR = YES;
				GCC_WARN_UNINITIALIZED_AUTOS = YES_AGGRESSIVE;
				GCC_WARN_UNUSED_FUNCTION = YES;
				GCC_WARN_UNUSED_VARIABLE = YES;
				IPHONEOS_DEPLOYMENT_TARGET = 13.2;
				MTL_ENABLE_DEBUG_INFO = INCLUDE_SOURCE;
				MTL_FAST_MATH = YES;
				ONLY_ACTIVE_ARCH = YES;
				SDKROOT = iphoneos;
				SWIFT_ACTIVE_COMPILATION_CONDITIONS = DEBUG;
				SWIFT_OPTIMIZATION_LEVEL = "-Onone";
			};
			name = Debug;
		};
		618246D423A92B4700F00E26 /* Release */ = {
			isa = XCBuildConfiguration;
			buildSettings = {
				ALWAYS_SEARCH_USER_PATHS = NO;
				CLANG_ANALYZER_NONNULL = YES;
				CLANG_ANALYZER_NUMBER_OBJECT_CONVERSION = YES_AGGRESSIVE;
				CLANG_CXX_LANGUAGE_STANDARD = "gnu++14";
				CLANG_CXX_LIBRARY = "libc++";
				CLANG_ENABLE_MODULES = YES;
				CLANG_ENABLE_OBJC_ARC = YES;
				CLANG_ENABLE_OBJC_WEAK = YES;
				CLANG_WARN_BLOCK_CAPTURE_AUTORELEASING = YES;
				CLANG_WARN_BOOL_CONVERSION = YES;
				CLANG_WARN_COMMA = YES;
				CLANG_WARN_CONSTANT_CONVERSION = YES;
				CLANG_WARN_DEPRECATED_OBJC_IMPLEMENTATIONS = YES;
				CLANG_WARN_DIRECT_OBJC_ISA_USAGE = YES_ERROR;
				CLANG_WARN_DOCUMENTATION_COMMENTS = YES;
				CLANG_WARN_EMPTY_BODY = YES;
				CLANG_WARN_ENUM_CONVERSION = YES;
				CLANG_WARN_INFINITE_RECURSION = YES;
				CLANG_WARN_INT_CONVERSION = YES;
				CLANG_WARN_NON_LITERAL_NULL_CONVERSION = YES;
				CLANG_WARN_OBJC_IMPLICIT_RETAIN_SELF = YES;
				CLANG_WARN_OBJC_LITERAL_CONVERSION = YES;
				CLANG_WARN_OBJC_ROOT_CLASS = YES_ERROR;
				CLANG_WARN_RANGE_LOOP_ANALYSIS = YES;
				CLANG_WARN_STRICT_PROTOTYPES = YES;
				CLANG_WARN_SUSPICIOUS_MOVE = YES;
				CLANG_WARN_UNGUARDED_AVAILABILITY = YES_AGGRESSIVE;
				CLANG_WARN_UNREACHABLE_CODE = YES;
				CLANG_WARN__DUPLICATE_METHOD_MATCH = YES;
				COPY_PHASE_STRIP = NO;
				DEBUG_INFORMATION_FORMAT = "dwarf-with-dsym";
				ENABLE_NS_ASSERTIONS = NO;
				ENABLE_STRICT_OBJC_MSGSEND = YES;
				GCC_C_LANGUAGE_STANDARD = gnu11;
				GCC_NO_COMMON_BLOCKS = YES;
				GCC_WARN_64_TO_32_BIT_CONVERSION = YES;
				GCC_WARN_ABOUT_RETURN_TYPE = YES_ERROR;
				GCC_WARN_UNDECLARED_SELECTOR = YES;
				GCC_WARN_UNINITIALIZED_AUTOS = YES_AGGRESSIVE;
				GCC_WARN_UNUSED_FUNCTION = YES;
				GCC_WARN_UNUSED_VARIABLE = YES;
				IPHONEOS_DEPLOYMENT_TARGET = 13.2;
				MTL_ENABLE_DEBUG_INFO = NO;
				MTL_FAST_MATH = YES;
				SDKROOT = iphoneos;
				SWIFT_COMPILATION_MODE = wholemodule;
				SWIFT_OPTIMIZATION_LEVEL = "-O";
				VALIDATE_PRODUCT = YES;
			};
			name = Release;
		};
		618246D623A92B4700F00E26 /* Debug */ = {
			isa = XCBuildConfiguration;
			buildSettings = {
				ASSETCATALOG_COMPILER_APPICON_NAME = AppIcon;
				CODE_SIGN_STYLE = Automatic;
				INFOPLIST_FILE = "cara ou coroa/Info.plist";
				LD_RUNPATH_SEARCH_PATHS = (
					"$(inherited)",
					"@executable_path/Frameworks",
				);
				PRODUCT_BUNDLE_IDENTIFIER = "com.cesar.cara-ou-coroa";
				PRODUCT_NAME = "$(TARGET_NAME)";
				SWIFT_VERSION = 5.0;
				TARGETED_DEVICE_FAMILY = "1,2";
			};
			name = Debug;
		};
		618246D723A92B4700F00E26 /* Release */ = {
			isa = XCBuildConfiguration;
			buildSettings = {
				ASSETCATALOG_COMPILER_APPICON_NAME = AppIcon;
				CODE_SIGN_STYLE = Automatic;
				INFOPLIST_FILE = "cara ou coroa/Info.plist";
				LD_RUNPATH_SEARCH_PATHS = (
					"$(inherited)",
					"@executable_path/Frameworks",
				);
				PRODUCT_BUNDLE_IDENTIFIER = "com.cesar.cara-ou-coroa";
				PRODUCT_NAME = "$(TARGET_NAME)";
				SWIFT_VERSION = 5.0;
				TARGETED_DEVICE_FAMILY = "1,2";
			};
			name = Release;
		};
/* End XCBuildConfiguration section */

/* Begin XCConfigurationList section */
		618246BC23A92B4600F00E26 /* Build configuration list for PBXProject "cara ou coroa" */ = {
			isa = XCConfigurationList;
			buildConfigurations = (
				618246D323A92B4700F00E26 /* Debug */,
				618246D423A92B4700F00E26 /* Release */,
			);
			defaultConfigurationIsVisible = 0;
			defaultConfigurationName = Release;
		};
		618246D523A92B4700F00E26 /* Build configuration list for PBXNativeTarget "cara ou coroa" */ = {
			isa = XCConfigurationList;
			buildConfigurations = (
				618246D623A92B4700F00E26 /* Debug */,
				618246D723A92B4700F00E26 /* Release */,
			);
			defaultConfigurationIsVisible = 0;
			defaultConfigurationName = Release;
		};
/* End XCConfigurationList section */
	};
	rootObject = 618246B923A92B4600F00E26 /* Project object */;
}
